
Microsoft Visual Studio Solution File, Format Version 12.00
Project("{FAE04EC0-301F-11D3-BF4B-00C04F79EFBC}") = "Clinic.Data", "Clinic.Data\Clinic.Data.csproj", "{2F0ADE6A-FCC1-4AA3-B31A-DE0F541986CE}"
EndProject
Project("{FAE04EC0-301F-11D3-BF4B-00C04F79EFBC}") = "Clinic.UI", "Clinic.UI\Clinic.UI.csproj", "{1A79F7EB-7A24-4722-92E8-6761559A8963}"
EndProject
Global
	GlobalSection(SolutionConfigurationPlatforms) = preSolution
		Debug|Any CPU = Debug|Any CPU
		Release|Any CPU = Release|Any CPU
	EndGlobalSection
	GlobalSection(ProjectConfigurationPlatforms) = postSolution
		{2F0ADE6A-FCC1-4AA3-B31A-DE0F541986CE}.Debug|Any CPU.ActiveCfg = Debug|Any CPU
		{2F0ADE6A-FCC1-4AA3-B31A-DE0F541986CE}.Debug|Any CPU.Build.0 = Debug|Any CPU
		{2F0ADE6A-FCC1-4AA3-B31A-DE0F541986CE}.Release|Any CPU.ActiveCfg = Release|Any CPU
		{2F0ADE6A-FCC1-4AA3-B31A-DE0F541986CE}.Release|Any CPU.Build.0 = Release|Any CPU
		{1A79F7EB-7A24-4722-92E8-6761559A8963}.Debug|Any CPU.ActiveCfg = Debug|Any CPU
		{1A79F7EB-7A24-4722-92E8-6761559A8963}.Debug|Any CPU.Build.0 = Debug|Any CPU
		{1A79F7EB-7A24-4722-92E8-6761559A8963}.Release|Any CPU.ActiveCfg = Release|Any CPU
		{1A79F7EB-7A24-4722-92E8-6761559A8963}.Release|Any CPU.Build.0 = Release|Any CPU
	EndGlobalSection
EndGlobal
